
Microsoft Visual Studio Solution File, Format Version 12.00
# Visual Studio Version 17
VisualStudioVersion = 17.3.32929.385
MinimumVisualStudioVersion = 10.0.40219.1
Project("{9A19103F-16F7-4668-BE54-9A1E7A4F7556}") = "Names", "Names.csproj", "{4EDA30B6-992D-410D-B6FF-96107C969854}"
EndProject
Global
	GlobalSection(SolutionConfigurationPlatforms) = preSolution
		Debug|Any CPU = Debug|Any CPU
		Release|Any CPU = Release|Any CPU
	EndGlobalSection
	GlobalSection(ProjectConfigurationPlatforms) = postSolution
		{4EDA30B6-992D-410D-B6FF-96107C969854}.Debug|Any CPU.ActiveCfg = Debug|Any CPU
		{4EDA30B6-992D-410D-B6FF-96107C969854}.Debug|Any CPU.Build.0 = Debug|Any CPU
		{4EDA30B6-992D-410D-B6FF-96107C969854}.Release|Any CPU.ActiveCfg = Release|Any CPU
		{4EDA30B6-992D-410D-B6FF-96107C969854}.Release|Any CPU.Build.0 = Release|Any CPU
	EndGlobalSection
	GlobalSection(SolutionProperties) = preSolution
		HideSolutionNode = FALSE
	EndGlobalSection
	GlobalSection(ExtensibilityGlobals) = postSolution
		SolutionGuid = {90A97F76-4B0A-48E8-9FDE-9A855354E626}
	EndGlobalSection
EndGlobal
